
Microsoft Visual Studio Solution File, Format Version 11.00
# Visual Studio 2010
Project("{8BC9CEB8-8B4A-11D0-8D11-00A0C91BC942}") = "netlight", "netlight\netlight.vcxproj", "{AE42E88C-2F3A-4C9F-93DD-75638725ADF2}"
EndProject
Project("{8BC9CEB8-8B4A-11D0-8D11-00A0C91BC942}") = "server", "samples\pong\server\server.vcxproj", "{12E16EE6-8261-4D1D-B9D5-B392214A46AA}"
	ProjectSection(ProjectDependencies) = postProject
		{AE42E88C-2F3A-4C9F-93DD-75638725ADF2} = {AE42E88C-2F3A-4C9F-93DD-75638725ADF2}
	EndProjectSection
EndProject
Project("{8BC9CEB8-8B4A-11D0-8D11-00A0C91BC942}") = "client", "samples\pong\client\client.vcxproj", "{D4D6EF22-7319-4D1C-8805-F2186B618B90}"
EndProject
Global
	GlobalSection(SolutionConfigurationPlatforms) = preSolution
		Debug|Win32 = Debug|Win32
		Release|Win32 = Release|Win32
	EndGlobalSection
	GlobalSection(ProjectConfigurationPlatforms) = postSolution
		{AE42E88C-2F3A-4C9F-93DD-75638725ADF2}.Debug|Win32.ActiveCfg = Debug|Win32
		{AE42E88C-2F3A-4C9F-93DD-75638725ADF2}.Debug|Win32.Build.0 = Debug|Win32
		{AE42E88C-2F3A-4C9F-93DD-75638725ADF2}.Release|Win32.ActiveCfg = Release|Win32
		{AE42E88C-2F3A-4C9F-93DD-75638725ADF2}.Release|Win32.Build.0 = Release|Win32
		{12E16EE6-8261-4D1D-B9D5-B392214A46AA}.Debug|Win32.ActiveCfg = Debug|Win32
		{12E16EE6-8261-4D1D-B9D5-B392214A46AA}.Debug|Win32.Build.0 = Debug|Win32
		{12E16EE6-8261-4D1D-B9D5-B392214A46AA}.Release|Win32.ActiveCfg = Release|Win32
		{12E16EE6-8261-4D1D-B9D5-B392214A46AA}.Release|Win32.Build.0 = Release|Win32
		{D4D6EF22-7319-4D1C-8805-F2186B618B90}.Debug|Win32.ActiveCfg = Debug|Win32
		{D4D6EF22-7319-4D1C-8805-F2186B618B90}.Debug|Win32.Build.0 = Debug|Win32
		{D4D6EF22-7319-4D1C-8805-F2186B618B90}.Release|Win32.ActiveCfg = Release|Win32
		{D4D6EF22-7319-4D1C-8805-F2186B618B90}.Release|Win32.Build.0 = Release|Win32
	EndGlobalSection
	GlobalSection(SolutionProperties) = preSolution
		HideSolutionNode = FALSE
	EndGlobalSection
EndGlobal
